// !$*UTF8*$!
{
	archiveVersion = 1;
	classes = {
	};
	objectVersion = 46;
	objects = {

/* Begin PBXBuildFile section */
		0BDEB7C41BC9AB9200E0F80D /* AppDelegate.swift in Sources */ = {isa = PBXBuildFile; fileRef = 0BDEB7C31BC9AB9200E0F80D /* AppDelegate.swift */; };
		0BDEB7C61BC9AB9200E0F80D /* ViewController.swift in Sources */ = {isa = PBXBuildFile; fileRef = 0BDEB7C51BC9AB9200E0F80D /* ViewController.swift */; };
		0BDEB7C91BC9AB9200E0F80D /* Main.storyboard in Resources */ = {isa = PBXBuildFile; fileRef = 0BDEB7C71BC9AB9200E0F80D /* Main.storyboard */; };
		0BDEB7CB1BC9AB9200E0F80D /* Images.xcassets in Resources */ = {isa = PBXBuildFile; fileRef = 0BDEB7CA1BC9AB9200E0F80D /* Images.xcassets */; };
		0BDEB7CE1BC9AB9200E0F80D /* LaunchScreen.xib in Resources */ = {isa = PBXBuildFile; fileRef = 0BDEB7CC1BC9AB9200E0F80D /* LaunchScreen.xib */; };
		0BDEB7DA1BC9AB9200E0F80D /* Imagier_SwiftTests.swift in Sources */ = {isa = PBXBuildFile; fileRef = 0BDEB7D91BC9AB9200E0F80D /* Imagier_SwiftTests.swift */; };
		0BDEB7E41BC9ABD700E0F80D /* MyView.swift in Sources */ = {isa = PBXBuildFile; fileRef = 0BDEB7E31BC9ABD700E0F80D /* MyView.swift */; };
		0BE5D74B1BD53245000ADCB0 /* imagier.bundle in Resources */ = {isa = PBXBuildFile; fileRef = 0BE5D74A1BD53245000ADCB0 /* imagier.bundle */; };
/* End PBXBuildFile section */

/* Begin PBXContainerItemProxy section */
		0BDEB7D41BC9AB9200E0F80D /* PBXContainerItemProxy */ = {
			isa = PBXContainerItemProxy;
			containerPortal = 0BDEB7B61BC9AB9200E0F80D /* Project object */;
			proxyType = 1;
			remoteGlobalIDString = 0BDEB7BD1BC9AB9200E0F80D;
			remoteInfo = Imagier_Swift;
		};
/* End PBXContainerItemProxy section */

/* Begin PBXFileReference section */
		0BDEB7BE1BC9AB9200E0F80D /* Imagier_Swift.app */ = {isa = PBXFileReference; explicitFileType = wrapper.application; includeInIndex = 0; path = Imagier_Swift.app; sourceTree = BUILT_PRODUCTS_DIR; };
		0BDEB7C21BC9AB9200E0F80D /* Info.plist */ = {isa = PBXFileReference; lastKnownFileType = text.plist.xml; path = Info.plist; sourceTree = "<group>"; };
		0BDEB7C31BC9AB9200E0F80D /* AppDelegate.swift */ = {isa = PBXFileReference; lastKnownFileType = sourcecode.swift; path = AppDelegate.swift; sourceTree = "<group>"; };
		0BDEB7C51BC9AB9200E0F80D /* ViewController.swift */ = {isa = PBXFileReference; lastKnownFileType = sourcecode.swift; path = ViewController.swift; sourceTree = "<group>"; };
		0BDEB7C81BC9AB9200E0F80D /* Base */ = {isa = PBXFileReference; lastKnownFileType = file.storyboard; name = Base; path = Base.lproj/Main.storyboard; sourceTree = "<group>"; };
		0BDEB7CA1BC9AB9200E0F80D /* Images.xcassets */ = {isa = PBXFileReference; lastKnownFileType = folder.assetcatalog; path = Images.xcassets; sourceTree = "<group>"; };
		0BDEB7CD1BC9AB9200E0F80D /* Base */ = {isa = PBXFileReference; lastKnownFileType = file.xib; name = Base; path = Base.lproj/LaunchScreen.xib; sourceTree = "<group>"; };
		0BDEB7D31BC9AB9200E0F80D /* Imagier_SwiftTests.xctest */ = {isa = PBXFileReference; explicitFileType = wrapper.cfbundle; includeInIndex = 0; path = Imagier_SwiftTests.xctest; sourceTree = BUILT_PRODUCTS_DIR; };
		0BDEB7D81BC9AB9200E0F80D /* Info.plist */ = {isa = PBXFileReference; lastKnownFileType = text.plist.xml; path = Info.plist; sourceTree = "<group>"; };
		0BDEB7D91BC9AB9200E0F80D /* Imagier_SwiftTests.swift */ = {isa = PBXFileReference; lastKnownFileType = sourcecode.swift; path = Imagier_SwiftTests.swift; sourceTree = "<group>"; };
		0BDEB7E31BC9ABD700E0F80D /* MyView.swift */ = {isa = PBXFileReference; fileEncoding = 4; lastKnownFileType = sourcecode.swift; path = MyView.swift; sourceTree = "<group>"; };
		0BE5D74A1BD53245000ADCB0 /* imagier.bundle */ = {isa = PBXFileReference; lastKnownFileType = "wrapper.plug-in"; path = imagier.bundle; sourceTree = "<group>"; };
/* End PBXFileReference section */

/* Begin PBXFrameworksBuildPhase section */
		0BDEB7BB1BC9AB9200E0F80D /* Frameworks */ = {
			isa = PBXFrameworksBuildPhase;
			buildActionMask = 2147483647;
			files = (
			);
			runOnlyForDeploymentPostprocessing = 0;
		};
		0BDEB7D01BC9AB9200E0F80D /* Frameworks */ = {
			isa = PBXFrameworksBuildPhase;
			buildActionMask = 2147483647;
			files = (
			);
			runOnlyForDeploymentPostprocessing = 0;
		};
/* End PBXFrameworksBuildPhase section */

/* Begin PBXGroup section */
		0BDEB7B51BC9AB9200E0F80D = {
			isa = PBXGroup;
			children = (
				0BDEB7C01BC9AB9200E0F80D /* Imagier_Swift */,
				0BDEB7D61BC9AB9200E0F80D /* Imagier_SwiftTests */,
				0BDEB7BF1BC9AB9200E0F80D /* Products */,
				0BE5D74A1BD53245000ADCB0 /* imagier.bundle */,
			);
			sourceTree = "<group>";
		};
		0BDEB7BF1BC9AB9200E0F80D /* Products */ = {
			isa = PBXGroup;
			children = (
				0BDEB7BE1BC9AB9200E0F80D /* Imagier_Swift.app */,
				0BDEB7D31BC9AB9200E0F80D /* Imagier_SwiftTests.xctest */,
			);
			name = Products;
			sourceTree = "<group>";
		};
		0BDEB7C01BC9AB9200E0F80D /* Imagier_Swift */ = {
			isa = PBXGroup;
			children = (
				0BDEB7E31BC9ABD700E0F80D /* MyView.swift */,
				0BDEB7C31BC9AB9200E0F80D /* AppDelegate.swift */,
				0BDEB7C51BC9AB9200E0F80D /* ViewController.swift */,
				0BDEB7C71BC9AB9200E0F80D /* Main.storyboard */,
				0BDEB7CA1BC9AB9200E0F80D /* Images.xcassets */,
				0BDEB7CC1BC9AB9200E0F80D /* LaunchScreen.xib */,
				0BDEB7C11BC9AB9200E0F80D /* Supporting Files */,
			);
			path = Imagier_Swift;
			sourceTree = "<group>";
		};
		0BDEB7C11BC9AB9200E0F80D /* Supporting Files */ = {
			isa = PBXGroup;
			children = (
				0BDEB7C21BC9AB9200E0F80D /* Info.plist */,
			);
			name = "Supporting Files";
			sourceTree = "<group>";
		};
		0BDEB7D61BC9AB9200E0F80D /* Imagier_SwiftTests */ = {
			isa = PBXGroup;
			children = (
				0BDEB7D91BC9AB9200E0F80D /* Imagier_SwiftTests.swift */,
				0BDEB7D71BC9AB9200E0F80D /* Supporting Files */,
			);
			path = Imagier_SwiftTests;
			sourceTree = "<group>";
		};
		0BDEB7D71BC9AB9200E0F80D /* Supporting Files */ = {
			isa = PBXGroup;
			children = (
				0BDEB7D81BC9AB9200E0F80D /* Info.plist */,
			);
			name = "Supporting Files";
			sourceTree = "<group>";
		};
/* End PBXGroup section */

/* Begin PBXNativeTarget section */
		0BDEB7BD1BC9AB9200E0F80D /* Imagier_Swift */ = {
			isa = PBXNativeTarget;
			buildConfigurationList = 0BDEB7DD1BC9AB9200E0F80D /* Build configuration list for PBXNativeTarget "Imagier_Swift" */;
			buildPhases = (
				0BDEB7BA1BC9AB9200E0F80D /* Sources */,
				0BDEB7BB1BC9AB9200E0F80D /* Frameworks */,
				0BDEB7BC1BC9AB9200E0F80D /* Resources */,
			);
			buildRules = (
			);
			dependencies = (
			);
			name = Imagier_Swift;
			productName = Imagier_Swift;
			productReference = 0BDEB7BE1BC9AB9200E0F80D /* Imagier_Swift.app */;
			productType = "com.apple.product-type.application";
		};
		0BDEB7D21BC9AB9200E0F80D /* Imagier_SwiftTests */ = {
			isa = PBXNativeTarget;
			buildConfigurationList = 0BDEB7E01BC9AB9200E0F80D /* Build configuration list for PBXNativeTarget "Imagier_SwiftTests" */;
			buildPhases = (
				0BDEB7CF1BC9AB9200E0F80D /* Sources */,
				0BDEB7D01BC9AB9200E0F80D /* Frameworks */,
				0BDEB7D11BC9AB9200E0F80D /* Resources */,
			);
			buildRules = (
			);
			dependencies = (
				0BDEB7D51BC9AB9200E0F80D /* PBXTargetDependency */,
			);
			name = Imagier_SwiftTests;
			productName = Imagier_SwiftTests;
			productReference = 0BDEB7D31BC9AB9200E0F80D /* Imagier_SwiftTests.xctest */;
			productType = "com.apple.product-type.bundle.unit-test";
		};
/* End PBXNativeTarget section */

/* Begin PBXProject section */
		0BDEB7B61BC9AB9200E0F80D /* Project object */ = {
			isa = PBXProject;
			attributes = {
				LastUpgradeCheck = 0640;
				ORGANIZATIONNAME = "Cao Sang DOAN";
				TargetAttributes = {
					0BDEB7BD1BC9AB9200E0F80D = {
						CreatedOnToolsVersion = 6.4;
					};
					0BDEB7D21BC9AB9200E0F80D = {
						CreatedOnToolsVersion = 6.4;
						TestTargetID = 0BDEB7BD1BC9AB9200E0F80D;
					};
				};
			};
			buildConfigurationList = 0BDEB7B91BC9AB9200E0F80D /* Build configuration list for PBXProject "Imagier_Swift" */;
			compatibilityVersion = "Xcode 3.2";
			developmentRegion = English;
			hasScannedForEncodings = 0;
			knownRegions = (
				en,
				Base,
			);
			mainGroup = 0BDEB7B51BC9AB9200E0F80D;
			productRefGroup = 0BDEB7BF1BC9AB9200E0F80D /* Products */;
			projectDirPath = "";
			projectRoot = "";
			targets = (
				0BDEB7BD1BC9AB9200E0F80D /* Imagier_Swift */,
				0BDEB7D21BC9AB9200E0F80D /* Imagier_SwiftTests */,
			);
		};
/* End PBXProject section */

/* Begin PBXResourcesBuildPhase section */
		0BDEB7BC1BC9AB9200E0F80D /* Resources */ = {
			isa = PBXResourcesBuildPhase;
			buildActionMask = 2147483647;
			files = (
				0BE5D74B1BD53245000ADCB0 /* imagier.bundle in Resources */,
				0BDEB7C91BC9AB9200E0F80D /* Main.storyboard in Resources */,
				0BDEB7CE1BC9AB9200E0F80D /* LaunchScreen.xib in Resources */,
				0BDEB7CB1BC9AB9200E0F80D /* Images.xcassets in Resources */,
			);
			runOnlyForDeploymentPostprocessing = 0;
		};
		0BDEB7D11BC9AB9200E0F80D /* Resources */ = {
			isa = PBXResourcesBuildPhase;
			buildActionMask = 2147483647;
			files = (
			);
			runOnlyForDeploymentPostprocessing = 0;
		};
/* End PBXResourcesBuildPhase section */

/* Begin PBXSourcesBuildPhase section */
		0BDEB7BA1BC9AB9200E0F80D /* Sources */ = {
			isa = PBXSourcesBuildPhase;
			buildActionMask = 2147483647;
			files = (
				0BDEB7E41BC9ABD700E0F80D /* MyView.swift in Sources */,
				0BDEB7C61BC9AB9200E0F80D /* ViewController.swift in Sources */,
				0BDEB7C41BC9AB9200E0F80D /* AppDelegate.swift in Sources */,
			);
			runOnlyForDeploymentPostprocessing = 0;
		};
		0BDEB7CF1BC9AB9200E0F80D /* Sources */ = {
			isa = PBXSourcesBuildPhase;
			buildActionMask = 2147483647;
			files = (
				0BDEB7DA1BC9AB9200E0F80D /* Imagier_SwiftTests.swift in Sources */,
			);
			runOnlyForDeploymentPostprocessing = 0;
		};
/* End PBXSourcesBuildPhase section */

/* Begin PBXTargetDependency section */
		0BDEB7D51BC9AB9200E0F80D /* PBXTargetDependency */ = {
			isa = PBXTargetDependency;
			target = 0BDEB7BD1BC9AB9200E0F80D /* Imagier_Swift */;
			targetProxy = 0BDEB7D41BC9AB9200E0F80D /* PBXContainerItemProxy */;
		};
/* End PBXTargetDependency section */

/* Begin PBXVariantGroup section */
		0BDEB7C71BC9AB9200E0F80D /* Main.storyboard */ = {
			isa = PBXVariantGroup;
			children = (
				0BDEB7C81BC9AB9200E0F80D /* Base */,
			);
			name = Main.storyboard;
			sourceTree = "<group>";
		};
		0BDEB7CC1BC9AB9200E0F80D /* LaunchScreen.xib */ = {
			isa = PBXVariantGroup;
			children = (
				0BDEB7CD1BC9AB9200E0F80D /* Base */,
			);
			name = LaunchScreen.xib;
			sourceTree = "<group>";
		};
/* End PBXVariantGroup section */

/* Begin XCBuildConfiguration section */
		0BDEB7DB1BC9AB9200E0F80D /* Debug */ = {
			isa = XCBuildConfiguration;
			buildSettings = {
				ALWAYS_SEARCH_USER_PATHS = NO;
				CLANG_CXX_LANGUAGE_STANDARD = "gnu++0x";
				CLANG_CXX_LIBRARY = "libc++";
				CLANG_ENABLE_MODULES = YES;
				CLANG_ENABLE_OBJC_ARC = YES;
				CLANG_WARN_BOOL_CONVERSION = YES;
				CLANG_WARN_CONSTANT_CONVERSION = YES;
				CLANG_WARN_DIRECT_OBJC_ISA_USAGE = YES_ERROR;
				CLANG_WARN_EMPTY_BODY = YES;
				CLANG_WARN_ENUM_CONVERSION = YES;
				CLANG_WARN_INT_CONVERSION = YES;
				CLANG_WARN_OBJC_ROOT_CLASS = YES_ERROR;
				CLANG_WARN_UNREACHABLE_CODE = YES;
				CLANG_WARN__DUPLICATE_METHOD_MATCH = YES;
				"CODE_SIGN_IDENTITY[sdk=iphoneos*]" = "iPhone Developer";
				COPY_PHASE_STRIP = NO;
				DEBUG_INFORMATION_FORMAT = "dwarf-with-dsym";
				ENABLE_STRICT_OBJC_MSGSEND = YES;
				GCC_C_LANGUAGE_STANDARD = gnu99;
				GCC_DYNAMIC_NO_PIC = NO;
				GCC_NO_COMMON_BLOCKS = YES;
				GCC_OPTIMIZATION_LEVEL = 0;
				GCC_PREPROCESSOR_DEFINITIONS = (
					"DEBUG=1",
					"$(inherited)",
				);
				GCC_SYMBOLS_PRIVATE_EXTERN = NO;
				GCC_WARN_64_TO_32_BIT_CONVERSION = YES;
				GCC_WARN_ABOUT_RETURN_TYPE = YES_ERROR;
				GCC_WARN_UNDECLARED_SELECTOR = YES;
				GCC_WARN_UNINITIALIZED_AUTOS = YES_AGGRESSIVE;
				GCC_WARN_UNUSED_FUNCTION = YES;
				GCC_WARN_UNUSED_VARIABLE = YES;
				IPHONEOS_DEPLOYMENT_TARGET = 8.4;
				MTL_ENABLE_DEBUG_INFO = YES;
				ONLY_ACTIVE_ARCH = YES;
				SDKROOT = iphoneos;
				SWIFT_OPTIMIZATION_LEVEL = "-Onone";
				TARGETED_DEVICE_FAMILY = "1,2";
			};
			name = Debug;
		};
		0BDEB7DC1BC9AB9200E0F80D /* Release */ = {
			isa = XCBuildConfiguration;
			buildSettings = {
				ALWAYS_SEARCH_USER_PATHS = NO;
				CLANG_CXX_LANGUAGE_STANDARD = "gnu++0x";
				CLANG_CXX_LIBRARY = "libc++";
				CLANG_ENABLE_MODULES = YES;
				CLANG_ENABLE_OBJC_ARC = YES;
				CLANG_WARN_BOOL_CONVERSION = YES;
				CLANG_WARN_CONSTANT_CONVERSION = YES;
				CLANG_WARN_DIRECT_OBJC_ISA_USAGE = YES_ERROR;
				CLANG_WARN_EMPTY_BODY = YES;
				CLANG_WARN_ENUM_CONVERSION = YES;
				CLANG_WARN_INT_CONVERSION = YES;
				CLANG_WARN_OBJC_ROOT_CLASS = YES_ERROR;
				CLANG_WARN_UNREACHABLE_CODE = YES;
				CLANG_WARN__DUPLICATE_METHOD_MATCH = YES;
				"CODE_SIGN_IDENTITY[sdk=iphoneos*]" = "iPhone Developer";
				COPY_PHASE_STRIP = NO;
				DEBUG_INFORMATION_FORMAT = "dwarf-with-dsym";
				ENABLE_NS_ASSERTIONS = NO;
				ENABLE_STRICT_OBJC_MSGSEND = YES;
				GCC_C_LANGUAGE_STANDARD = gnu99;
				GCC_NO_COMMON_BLOCKS = YES;
				GCC_WARN_64_TO_32_BIT_CONVERSION = YES;
				GCC_WARN_ABOUT_RETURN_TYPE = YES_ERROR;
				GCC_WARN_UNDECLARED_SELECTOR = YES;
				GCC_WARN_UNINITIALIZED_AUTOS = YES_AGGRESSIVE;
				GCC_WARN_UNUSED_FUNCTION = YES;
				GCC_WARN_UNUSED_VARIABLE = YES;
				IPHONEOS_DEPLOYMENT_TARGET = 8.4;
				MTL_ENABLE_DEBUG_INFO = NO;
				SDKROOT = iphoneos;
				TARGETED_DEVICE_FAMILY = "1,2";
				VALIDATE_PRODUCT = YES;
			};
			name = Release;
		};
		0BDEB7DE1BC9AB9200E0F80D /* Debug */ = {
			isa = XCBuildConfiguration;
			buildSettings = {
				ASSETCATALOG_COMPILER_APPICON_NAME = AppIcon;
				INFOPLIST_FILE = Imagier_Swift/Info.plist;
				LD_RUNPATH_SEARCH_PATHS = "$(inherited) @executable_path/Frameworks";
				PRODUCT_NAME = "$(TARGET_NAME)";
			};
			name = Debug;
		};
		0BDEB7DF1BC9AB9200E0F80D /* Release */ = {
			isa = XCBuildConfiguration;
			buildSettings = {
				ASSETCATALOG_COMPILER_APPICON_NAME = AppIcon;
				INFOPLIST_FILE = Imagier_Swift/Info.plist;
				LD_RUNPATH_SEARCH_PATHS = "$(inherited) @executable_path/Frameworks";
				PRODUCT_NAME = "$(TARGET_NAME)";
			};
			name = Release;
		};
		0BDEB7E11BC9AB9200E0F80D /* Debug */ = {
			isa = XCBuildConfiguration;
			buildSettings = {
				BUNDLE_LOADER = "$(TEST_HOST)";
				FRAMEWORK_SEARCH_PATHS = (
					"$(SDKROOT)/Developer/Library/Frameworks",
					"$(inherited)",
				);
				GCC_PREPROCESSOR_DEFINITIONS = (
					"DEBUG=1",
					"$(inherited)",
				);
				INFOPLIST_FILE = Imagier_SwiftTests/Info.plist;
				LD_RUNPATH_SEARCH_PATHS = "$(inherited) @executable_path/Frameworks @loader_path/Frameworks";
				PRODUCT_NAME = "$(TARGET_NAME)";
				TEST_HOST = "$(BUILT_PRODUCTS_DIR)/Imagier_Swift.app/Imagier_Swift";
			};
			name = Debug;
		};
		0BDEB7E21BC9AB9200E0F80D /* Release */ = {
			isa = XCBuildConfiguration;
			buildSettings = {
				BUNDLE_LOADER = "$(TEST_HOST)";
				FRAMEWORK_SEARCH_PATHS = (
					"$(SDKROOT)/Developer/Library/Frameworks",
					"$(inherited)",
				);
				INFOPLIST_FILE = Imagier_SwiftTests/Info.plist;
				LD_RUNPATH_SEARCH_PATHS = "$(inherited) @executable_path/Frameworks @loader_path/Frameworks";
				PRODUCT_NAME = "$(TARGET_NAME)";
				TEST_HOST = "$(BUILT_PRODUCTS_DIR)/Imagier_Swift.app/Imagier_Swift";
			};
			name = Release;
		};
/* End XCBuildConfiguration section */

/* Begin XCConfigurationList section */
		0BDEB7B91BC9AB9200E0F80D /* Build configuration list for PBXProject "Imagier_Swift" */ = {
			isa = XCConfigurationList;
			buildConfigurations = (
				0BDEB7DB1BC9AB9200E0F80D /* Debug */,
				0BDEB7DC1BC9AB9200E0F80D /* Release */,
			);
			defaultConfigurationIsVisible = 0;
			defaultConfigurationName = Release;
		};
		0BDEB7DD1BC9AB9200E0F80D /* Build configuration list for PBXNativeTarget "Imagier_Swift" */ = {
			isa = XCConfigurationList;
			buildConfigurations = (
				0BDEB7DE1BC9AB9200E0F80D /* Debug */,
				0BDEB7DF1BC9AB9200E0F80D /* Release */,
			);
			defaultConfigurationIsVisible = 0;
			defaultConfigurationName = Release;
		};
		0BDEB7E01BC9AB9200E0F80D /* Build configuration list for PBXNativeTarget "Imagier_SwiftTests" */ = {
			isa = XCConfigurationList;
			buildConfigurations = (
				0BDEB7E11BC9AB9200E0F80D /* Debug */,
				0BDEB7E21BC9AB9200E0F80D /* Release */,
			);
			defaultConfigurationIsVisible = 0;
			defaultConfigurationName = Release;
		};
/* End XCConfigurationList section */
	};
	rootObject = 0BDEB7B61BC9AB9200E0F80D /* Project object */;
}
