// !$*UTF8*$!
{
	archiveVersion = 1;
	classes = {
	};
	objectVersion = 46;
	objects = {

/* Begin PBXBuildFile section */
		0B34A83D1C0CD71200302473 /* main.m in Sources */ = {isa = PBXBuildFile; fileRef = 0B34A83C1C0CD71200302473 /* main.m */; };
		0B34A8401C0CD71200302473 /* AppDelegate.m in Sources */ = {isa = PBXBuildFile; fileRef = 0B34A83F1C0CD71200302473 /* AppDelegate.m */; };
		0B34A8431C0CD71200302473 /* ViewController.m in Sources */ = {isa = PBXBuildFile; fileRef = 0B34A8421C0CD71200302473 /* ViewController.m */; };
		0B34A8461C0CD71200302473 /* Main.storyboard in Resources */ = {isa = PBXBuildFile; fileRef = 0B34A8441C0CD71200302473 /* Main.storyboard */; };
		0B34A8481C0CD71200302473 /* Images.xcassets in Resources */ = {isa = PBXBuildFile; fileRef = 0B34A8471C0CD71200302473 /* Images.xcassets */; };
		0B34A84B1C0CD71200302473 /* LaunchScreen.xib in Resources */ = {isa = PBXBuildFile; fileRef = 0B34A8491C0CD71200302473 /* LaunchScreen.xib */; };
		0B34A8571C0CD71200302473 /* TaperJouerTests.m in Sources */ = {isa = PBXBuildFile; fileRef = 0B34A8561C0CD71200302473 /* TaperJouerTests.m */; };
		0B34A8641C0CD90400302473 /* HistoryViewController.m in Sources */ = {isa = PBXBuildFile; fileRef = 0B34A8611C0CD90400302473 /* HistoryViewController.m */; };
		0B34A8651C0CD90400302473 /* MusicViewController.m in Sources */ = {isa = PBXBuildFile; fileRef = 0B34A8631C0CD90400302473 /* MusicViewController.m */; };
		0B34A86B1C0DE42800302473 /* MyMusic.m in Sources */ = {isa = PBXBuildFile; fileRef = 0B34A86A1C0DE42800302473 /* MyMusic.m */; };
/* End PBXBuildFile section */

/* Begin PBXContainerItemProxy section */
		0B34A8511C0CD71200302473 /* PBXContainerItemProxy */ = {
			isa = PBXContainerItemProxy;
			containerPortal = 0B34A82F1C0CD71200302473 /* Project object */;
			proxyType = 1;
			remoteGlobalIDString = 0B34A8361C0CD71200302473;
			remoteInfo = TaperJouer;
		};
/* End PBXContainerItemProxy section */

/* Begin PBXFileReference section */
		0B34A8371C0CD71200302473 /* TaperJouer.app */ = {isa = PBXFileReference; explicitFileType = wrapper.application; includeInIndex = 0; path = TaperJouer.app; sourceTree = BUILT_PRODUCTS_DIR; };
		0B34A83B1C0CD71200302473 /* Info.plist */ = {isa = PBXFileReference; lastKnownFileType = text.plist.xml; path = Info.plist; sourceTree = "<group>"; };
		0B34A83C1C0CD71200302473 /* main.m */ = {isa = PBXFileReference; lastKnownFileType = sourcecode.c.objc; path = main.m; sourceTree = "<group>"; };
		0B34A83E1C0CD71200302473 /* AppDelegate.h */ = {isa = PBXFileReference; lastKnownFileType = sourcecode.c.h; path = AppDelegate.h; sourceTree = "<group>"; };
		0B34A83F1C0CD71200302473 /* AppDelegate.m */ = {isa = PBXFileReference; lastKnownFileType = sourcecode.c.objc; path = AppDelegate.m; sourceTree = "<group>"; };
		0B34A8411C0CD71200302473 /* ViewController.h */ = {isa = PBXFileReference; lastKnownFileType = sourcecode.c.h; path = ViewController.h; sourceTree = "<group>"; };
		0B34A8421C0CD71200302473 /* ViewController.m */ = {isa = PBXFileReference; lastKnownFileType = sourcecode.c.objc; path = ViewController.m; sourceTree = "<group>"; };
		0B34A8451C0CD71200302473 /* Base */ = {isa = PBXFileReference; lastKnownFileType = file.storyboard; name = Base; path = Base.lproj/Main.storyboard; sourceTree = "<group>"; };
		0B34A8471C0CD71200302473 /* Images.xcassets */ = {isa = PBXFileReference; lastKnownFileType = folder.assetcatalog; path = Images.xcassets; sourceTree = "<group>"; };
		0B34A84A1C0CD71200302473 /* Base */ = {isa = PBXFileReference; lastKnownFileType = file.xib; name = Base; path = Base.lproj/LaunchScreen.xib; sourceTree = "<group>"; };
		0B34A8501C0CD71200302473 /* TaperJouerTests.xctest */ = {isa = PBXFileReference; explicitFileType = wrapper.cfbundle; includeInIndex = 0; path = TaperJouerTests.xctest; sourceTree = BUILT_PRODUCTS_DIR; };
		0B34A8551C0CD71200302473 /* Info.plist */ = {isa = PBXFileReference; lastKnownFileType = text.plist.xml; path = Info.plist; sourceTree = "<group>"; };
		0B34A8561C0CD71200302473 /* TaperJouerTests.m */ = {isa = PBXFileReference; lastKnownFileType = sourcecode.c.objc; path = TaperJouerTests.m; sourceTree = "<group>"; };
		0B34A8601C0CD90400302473 /* HistoryViewController.h */ = {isa = PBXFileReference; fileEncoding = 4; lastKnownFileType = sourcecode.c.h; path = HistoryViewController.h; sourceTree = "<group>"; };
		0B34A8611C0CD90400302473 /* HistoryViewController.m */ = {isa = PBXFileReference; fileEncoding = 4; lastKnownFileType = sourcecode.c.objc; path = HistoryViewController.m; sourceTree = "<group>"; };
		0B34A8621C0CD90400302473 /* MusicViewController.h */ = {isa = PBXFileReference; fileEncoding = 4; lastKnownFileType = sourcecode.c.h; path = MusicViewController.h; sourceTree = "<group>"; };
		0B34A8631C0CD90400302473 /* MusicViewController.m */ = {isa = PBXFileReference; fileEncoding = 4; lastKnownFileType = sourcecode.c.objc; path = MusicViewController.m; sourceTree = "<group>"; };
		0B34A8691C0DE42800302473 /* MyMusic.h */ = {isa = PBXFileReference; fileEncoding = 4; lastKnownFileType = sourcecode.c.h; path = MyMusic.h; sourceTree = "<group>"; };
		0B34A86A1C0DE42800302473 /* MyMusic.m */ = {isa = PBXFileReference; fileEncoding = 4; lastKnownFileType = sourcecode.c.objc; path = MyMusic.m; sourceTree = "<group>"; };
/* End PBXFileReference section */

/* Begin PBXFrameworksBuildPhase section */
		0B34A8341C0CD71200302473 /* Frameworks */ = {
			isa = PBXFrameworksBuildPhase;
			buildActionMask = 2147483647;
			files = (
			);
			runOnlyForDeploymentPostprocessing = 0;
		};
		0B34A84D1C0CD71200302473 /* Frameworks */ = {
			isa = PBXFrameworksBuildPhase;
			buildActionMask = 2147483647;
			files = (
			);
			runOnlyForDeploymentPostprocessing = 0;
		};
/* End PBXFrameworksBuildPhase section */

/* Begin PBXGroup section */
		0B34A82E1C0CD71200302473 = {
			isa = PBXGroup;
			children = (
				0B34A8391C0CD71200302473 /* TaperJouer */,
				0B34A8531C0CD71200302473 /* TaperJouerTests */,
				0B34A8381C0CD71200302473 /* Products */,
			);
			sourceTree = "<group>";
		};
		0B34A8381C0CD71200302473 /* Products */ = {
			isa = PBXGroup;
			children = (
				0B34A8371C0CD71200302473 /* TaperJouer.app */,
				0B34A8501C0CD71200302473 /* TaperJouerTests.xctest */,
			);
			name = Products;
			sourceTree = "<group>";
		};
		0B34A8391C0CD71200302473 /* TaperJouer */ = {
			isa = PBXGroup;
			children = (
				0B34A83E1C0CD71200302473 /* AppDelegate.h */,
				0B34A83F1C0CD71200302473 /* AppDelegate.m */,
				0B34A8601C0CD90400302473 /* HistoryViewController.h */,
				0B34A8611C0CD90400302473 /* HistoryViewController.m */,
				0B34A8471C0CD71200302473 /* Images.xcassets */,
				0B34A8491C0CD71200302473 /* LaunchScreen.xib */,
				0B34A8441C0CD71200302473 /* Main.storyboard */,
				0B34A8621C0CD90400302473 /* MusicViewController.h */,
				0B34A8631C0CD90400302473 /* MusicViewController.m */,
				0B34A8691C0DE42800302473 /* MyMusic.h */,
				0B34A86A1C0DE42800302473 /* MyMusic.m */,
				0B34A83A1C0CD71200302473 /* Supporting Files */,
				0B34A8411C0CD71200302473 /* ViewController.h */,
				0B34A8421C0CD71200302473 /* ViewController.m */,
			);
			path = TaperJouer;
			sourceTree = "<group>";
		};
		0B34A83A1C0CD71200302473 /* Supporting Files */ = {
			isa = PBXGroup;
			children = (
				0B34A83B1C0CD71200302473 /* Info.plist */,
				0B34A83C1C0CD71200302473 /* main.m */,
			);
			name = "Supporting Files";
			sourceTree = "<group>";
		};
		0B34A8531C0CD71200302473 /* TaperJouerTests */ = {
			isa = PBXGroup;
			children = (
				0B34A8561C0CD71200302473 /* TaperJouerTests.m */,
				0B34A8541C0CD71200302473 /* Supporting Files */,
			);
			path = TaperJouerTests;
			sourceTree = "<group>";
		};
		0B34A8541C0CD71200302473 /* Supporting Files */ = {
			isa = PBXGroup;
			children = (
				0B34A8551C0CD71200302473 /* Info.plist */,
			);
			name = "Supporting Files";
			sourceTree = "<group>";
		};
/* End PBXGroup section */

/* Begin PBXNativeTarget section */
		0B34A8361C0CD71200302473 /* TaperJouer */ = {
			isa = PBXNativeTarget;
			buildConfigurationList = 0B34A85A1C0CD71200302473 /* Build configuration list for PBXNativeTarget "TaperJouer" */;
			buildPhases = (
				0B34A8331C0CD71200302473 /* Sources */,
				0B34A8341C0CD71200302473 /* Frameworks */,
				0B34A8351C0CD71200302473 /* Resources */,
			);
			buildRules = (
			);
			dependencies = (
			);
			name = TaperJouer;
			productName = TaperJouer;
			productReference = 0B34A8371C0CD71200302473 /* TaperJouer.app */;
			productType = "com.apple.product-type.application";
		};
		0B34A84F1C0CD71200302473 /* TaperJouerTests */ = {
			isa = PBXNativeTarget;
			buildConfigurationList = 0B34A85D1C0CD71200302473 /* Build configuration list for PBXNativeTarget "TaperJouerTests" */;
			buildPhases = (
				0B34A84C1C0CD71200302473 /* Sources */,
				0B34A84D1C0CD71200302473 /* Frameworks */,
				0B34A84E1C0CD71200302473 /* Resources */,
			);
			buildRules = (
			);
			dependencies = (
				0B34A8521C0CD71200302473 /* PBXTargetDependency */,
			);
			name = TaperJouerTests;
			productName = TaperJouerTests;
			productReference = 0B34A8501C0CD71200302473 /* TaperJouerTests.xctest */;
			productType = "com.apple.product-type.bundle.unit-test";
		};
/* End PBXNativeTarget section */

/* Begin PBXProject section */
		0B34A82F1C0CD71200302473 /* Project object */ = {
			isa = PBXProject;
			attributes = {
				LastUpgradeCheck = 0640;
				ORGANIZATIONNAME = "Cao Sang DOAN";
				TargetAttributes = {
					0B34A8361C0CD71200302473 = {
						CreatedOnToolsVersion = 6.4;
					};
					0B34A84F1C0CD71200302473 = {
						CreatedOnToolsVersion = 6.4;
						TestTargetID = 0B34A8361C0CD71200302473;
					};
				};
			};
			buildConfigurationList = 0B34A8321C0CD71200302473 /* Build configuration list for PBXProject "TaperJouer" */;
			compatibilityVersion = "Xcode 3.2";
			developmentRegion = English;
			hasScannedForEncodings = 0;
			knownRegions = (
				en,
				Base,
			);
			mainGroup = 0B34A82E1C0CD71200302473;
			productRefGroup = 0B34A8381C0CD71200302473 /* Products */;
			projectDirPath = "";
			projectRoot = "";
			targets = (
				0B34A8361C0CD71200302473 /* TaperJouer */,
				0B34A84F1C0CD71200302473 /* TaperJouerTests */,
			);
		};
/* End PBXProject section */

/* Begin PBXResourcesBuildPhase section */
		0B34A8351C0CD71200302473 /* Resources */ = {
			isa = PBXResourcesBuildPhase;
			buildActionMask = 2147483647;
			files = (
				0B34A8461C0CD71200302473 /* Main.storyboard in Resources */,
				0B34A84B1C0CD71200302473 /* LaunchScreen.xib in Resources */,
				0B34A8481C0CD71200302473 /* Images.xcassets in Resources */,
			);
			runOnlyForDeploymentPostprocessing = 0;
		};
		0B34A84E1C0CD71200302473 /* Resources */ = {
			isa = PBXResourcesBuildPhase;
			buildActionMask = 2147483647;
			files = (
			);
			runOnlyForDeploymentPostprocessing = 0;
		};
/* End PBXResourcesBuildPhase section */

/* Begin PBXSourcesBuildPhase section */
		0B34A8331C0CD71200302473 /* Sources */ = {
			isa = PBXSourcesBuildPhase;
			buildActionMask = 2147483647;
			files = (
				0B34A8641C0CD90400302473 /* HistoryViewController.m in Sources */,
				0B34A86B1C0DE42800302473 /* MyMusic.m in Sources */,
				0B34A8431C0CD71200302473 /* ViewController.m in Sources */,
				0B34A8651C0CD90400302473 /* MusicViewController.m in Sources */,
				0B34A8401C0CD71200302473 /* AppDelegate.m in Sources */,
				0B34A83D1C0CD71200302473 /* main.m in Sources */,
			);
			runOnlyForDeploymentPostprocessing = 0;
		};
		0B34A84C1C0CD71200302473 /* Sources */ = {
			isa = PBXSourcesBuildPhase;
			buildActionMask = 2147483647;
			files = (
				0B34A8571C0CD71200302473 /* TaperJouerTests.m in Sources */,
			);
			runOnlyForDeploymentPostprocessing = 0;
		};
/* End PBXSourcesBuildPhase section */

/* Begin PBXTargetDependency section */
		0B34A8521C0CD71200302473 /* PBXTargetDependency */ = {
			isa = PBXTargetDependency;
			target = 0B34A8361C0CD71200302473 /* TaperJouer */;
			targetProxy = 0B34A8511C0CD71200302473 /* PBXContainerItemProxy */;
		};
/* End PBXTargetDependency section */

/* Begin PBXVariantGroup section */
		0B34A8441C0CD71200302473 /* Main.storyboard */ = {
			isa = PBXVariantGroup;
			children = (
				0B34A8451C0CD71200302473 /* Base */,
			);
			name = Main.storyboard;
			sourceTree = "<group>";
		};
		0B34A8491C0CD71200302473 /* LaunchScreen.xib */ = {
			isa = PBXVariantGroup;
			children = (
				0B34A84A1C0CD71200302473 /* Base */,
			);
			name = LaunchScreen.xib;
			sourceTree = "<group>";
		};
/* End PBXVariantGroup section */

/* Begin XCBuildConfiguration section */
		0B34A8581C0CD71200302473 /* Debug */ = {
			isa = XCBuildConfiguration;
			buildSettings = {
				ALWAYS_SEARCH_USER_PATHS = NO;
				CLANG_CXX_LANGUAGE_STANDARD = "gnu++0x";
				CLANG_CXX_LIBRARY = "libc++";
				CLANG_ENABLE_MODULES = YES;
				CLANG_ENABLE_OBJC_ARC = YES;
				CLANG_WARN_BOOL_CONVERSION = YES;
				CLANG_WARN_CONSTANT_CONVERSION = YES;
				CLANG_WARN_DIRECT_OBJC_ISA_USAGE = YES_ERROR;
				CLANG_WARN_EMPTY_BODY = YES;
				CLANG_WARN_ENUM_CONVERSION = YES;
				CLANG_WARN_INT_CONVERSION = YES;
				CLANG_WARN_OBJC_ROOT_CLASS = YES_ERROR;
				CLANG_WARN_UNREACHABLE_CODE = YES;
				CLANG_WARN__DUPLICATE_METHOD_MATCH = YES;
				"CODE_SIGN_IDENTITY[sdk=iphoneos*]" = "iPhone Developer";
				COPY_PHASE_STRIP = NO;
				DEBUG_INFORMATION_FORMAT = "dwarf-with-dsym";
				ENABLE_STRICT_OBJC_MSGSEND = YES;
				GCC_C_LANGUAGE_STANDARD = gnu99;
				GCC_DYNAMIC_NO_PIC = NO;
				GCC_NO_COMMON_BLOCKS = YES;
				GCC_OPTIMIZATION_LEVEL = 0;
				GCC_PREPROCESSOR_DEFINITIONS = (
					"DEBUG=1",
					"$(inherited)",
				);
				GCC_SYMBOLS_PRIVATE_EXTERN = NO;
				GCC_WARN_64_TO_32_BIT_CONVERSION = YES;
				GCC_WARN_ABOUT_RETURN_TYPE = YES_ERROR;
				GCC_WARN_UNDECLARED_SELECTOR = YES;
				GCC_WARN_UNINITIALIZED_AUTOS = YES_AGGRESSIVE;
				GCC_WARN_UNUSED_FUNCTION = YES;
				GCC_WARN_UNUSED_VARIABLE = YES;
				IPHONEOS_DEPLOYMENT_TARGET = 8.4;
				MTL_ENABLE_DEBUG_INFO = YES;
				ONLY_ACTIVE_ARCH = YES;
				SDKROOT = iphoneos;
				TARGETED_DEVICE_FAMILY = "1,2";
			};
			name = Debug;
		};
		0B34A8591C0CD71200302473 /* Release */ = {
			isa = XCBuildConfiguration;
			buildSettings = {
				ALWAYS_SEARCH_USER_PATHS = NO;
				CLANG_CXX_LANGUAGE_STANDARD = "gnu++0x";
				CLANG_CXX_LIBRARY = "libc++";
				CLANG_ENABLE_MODULES = YES;
				CLANG_ENABLE_OBJC_ARC = YES;
				CLANG_WARN_BOOL_CONVERSION = YES;
				CLANG_WARN_CONSTANT_CONVERSION = YES;
				CLANG_WARN_DIRECT_OBJC_ISA_USAGE = YES_ERROR;
				CLANG_WARN_EMPTY_BODY = YES;
				CLANG_WARN_ENUM_CONVERSION = YES;
				CLANG_WARN_INT_CONVERSION = YES;
				CLANG_WARN_OBJC_ROOT_CLASS = YES_ERROR;
				CLANG_WARN_UNREACHABLE_CODE = YES;
				CLANG_WARN__DUPLICATE_METHOD_MATCH = YES;
				"CODE_SIGN_IDENTITY[sdk=iphoneos*]" = "iPhone Developer";
				COPY_PHASE_STRIP = NO;
				DEBUG_INFORMATION_FORMAT = "dwarf-with-dsym";
				ENABLE_NS_ASSERTIONS = NO;
				ENABLE_STRICT_OBJC_MSGSEND = YES;
				GCC_C_LANGUAGE_STANDARD = gnu99;
				GCC_NO_COMMON_BLOCKS = YES;
				GCC_WARN_64_TO_32_BIT_CONVERSION = YES;
				GCC_WARN_ABOUT_RETURN_TYPE = YES_ERROR;
				GCC_WARN_UNDECLARED_SELECTOR = YES;
				GCC_WARN_UNINITIALIZED_AUTOS = YES_AGGRESSIVE;
				GCC_WARN_UNUSED_FUNCTION = YES;
				GCC_WARN_UNUSED_VARIABLE = YES;
				IPHONEOS_DEPLOYMENT_TARGET = 8.4;
				MTL_ENABLE_DEBUG_INFO = NO;
				SDKROOT = iphoneos;
				TARGETED_DEVICE_FAMILY = "1,2";
				VALIDATE_PRODUCT = YES;
			};
			name = Release;
		};
		0B34A85B1C0CD71200302473 /* Debug */ = {
			isa = XCBuildConfiguration;
			buildSettings = {
				ASSETCATALOG_COMPILER_APPICON_NAME = AppIcon;
				CLANG_ENABLE_OBJC_ARC = NO;
				INFOPLIST_FILE = TaperJouer/Info.plist;
				LD_RUNPATH_SEARCH_PATHS = "$(inherited) @executable_path/Frameworks";
				PRODUCT_NAME = "$(TARGET_NAME)";
			};
			name = Debug;
		};
		0B34A85C1C0CD71200302473 /* Release */ = {
			isa = XCBuildConfiguration;
			buildSettings = {
				ASSETCATALOG_COMPILER_APPICON_NAME = AppIcon;
				CLANG_ENABLE_OBJC_ARC = NO;
				INFOPLIST_FILE = TaperJouer/Info.plist;
				LD_RUNPATH_SEARCH_PATHS = "$(inherited) @executable_path/Frameworks";
				PRODUCT_NAME = "$(TARGET_NAME)";
			};
			name = Release;
		};
		0B34A85E1C0CD71200302473 /* Debug */ = {
			isa = XCBuildConfiguration;
			buildSettings = {
				BUNDLE_LOADER = "$(TEST_HOST)";
				FRAMEWORK_SEARCH_PATHS = (
					"$(SDKROOT)/Developer/Library/Frameworks",
					"$(inherited)",
				);
				GCC_PREPROCESSOR_DEFINITIONS = (
					"DEBUG=1",
					"$(inherited)",
				);
				INFOPLIST_FILE = TaperJouerTests/Info.plist;
				LD_RUNPATH_SEARCH_PATHS = "$(inherited) @executable_path/Frameworks @loader_path/Frameworks";
				PRODUCT_NAME = "$(TARGET_NAME)";
				TEST_HOST = "$(BUILT_PRODUCTS_DIR)/TaperJouer.app/TaperJouer";
			};
			name = Debug;
		};
		0B34A85F1C0CD71200302473 /* Release */ = {
			isa = XCBuildConfiguration;
			buildSettings = {
				BUNDLE_LOADER = "$(TEST_HOST)";
				FRAMEWORK_SEARCH_PATHS = (
					"$(SDKROOT)/Developer/Library/Frameworks",
					"$(inherited)",
				);
				INFOPLIST_FILE = TaperJouerTests/Info.plist;
				LD_RUNPATH_SEARCH_PATHS = "$(inherited) @executable_path/Frameworks @loader_path/Frameworks";
				PRODUCT_NAME = "$(TARGET_NAME)";
				TEST_HOST = "$(BUILT_PRODUCTS_DIR)/TaperJouer.app/TaperJouer";
			};
			name = Release;
		};
/* End XCBuildConfiguration section */

/* Begin XCConfigurationList section */
		0B34A8321C0CD71200302473 /* Build configuration list for PBXProject "TaperJouer" */ = {
			isa = XCConfigurationList;
			buildConfigurations = (
				0B34A8581C0CD71200302473 /* Debug */,
				0B34A8591C0CD71200302473 /* Release */,
			);
			defaultConfigurationIsVisible = 0;
			defaultConfigurationName = Release;
		};
		0B34A85A1C0CD71200302473 /* Build configuration list for PBXNativeTarget "TaperJouer" */ = {
			isa = XCConfigurationList;
			buildConfigurations = (
				0B34A85B1C0CD71200302473 /* Debug */,
				0B34A85C1C0CD71200302473 /* Release */,
			);
			defaultConfigurationIsVisible = 0;
			defaultConfigurationName = Release;
		};
		0B34A85D1C0CD71200302473 /* Build configuration list for PBXNativeTarget "TaperJouerTests" */ = {
			isa = XCConfigurationList;
			buildConfigurations = (
				0B34A85E1C0CD71200302473 /* Debug */,
				0B34A85F1C0CD71200302473 /* Release */,
			);
			defaultConfigurationIsVisible = 0;
			defaultConfigurationName = Release;
		};
/* End XCConfigurationList section */
	};
	rootObject = 0B34A82F1C0CD71200302473 /* Project object */;
}
