// !$*UTF8*$!
{
	archiveVersion = 1;
	classes = {
	};
	objectVersion = 46;
	objects = {

/* Begin PBXBuildFile section */
		0BA3B1F41BB7355E00620A00 /* AppDelegate.swift in Sources */ = {isa = PBXBuildFile; fileRef = 0BA3B1F31BB7355E00620A00 /* AppDelegate.swift */; };
		0BA3B1F61BB7355E00620A00 /* ViewController.swift in Sources */ = {isa = PBXBuildFile; fileRef = 0BA3B1F51BB7355E00620A00 /* ViewController.swift */; };
		0BA3B1F91BB7355E00620A00 /* Main.storyboard in Resources */ = {isa = PBXBuildFile; fileRef = 0BA3B1F71BB7355E00620A00 /* Main.storyboard */; };
		0BA3B1FB1BB7355E00620A00 /* Images.xcassets in Resources */ = {isa = PBXBuildFile; fileRef = 0BA3B1FA1BB7355E00620A00 /* Images.xcassets */; };
		0BA3B1FE1BB7355E00620A00 /* LaunchScreen.xib in Resources */ = {isa = PBXBuildFile; fileRef = 0BA3B1FC1BB7355E00620A00 /* LaunchScreen.xib */; };
		0BA3B20A1BB7355E00620A00 /* Quizz_SwiftTests.swift in Sources */ = {isa = PBXBuildFile; fileRef = 0BA3B2091BB7355E00620A00 /* Quizz_SwiftTests.swift */; };
		0BA3B2141BB7372700620A00 /* QuestionsReponses.swift in Sources */ = {isa = PBXBuildFile; fileRef = 0BA3B2131BB7372700620A00 /* QuestionsReponses.swift */; };
/* End PBXBuildFile section */

/* Begin PBXContainerItemProxy section */
		0BA3B2041BB7355E00620A00 /* PBXContainerItemProxy */ = {
			isa = PBXContainerItemProxy;
			containerPortal = 0BA3B1E61BB7355E00620A00 /* Project object */;
			proxyType = 1;
			remoteGlobalIDString = 0BA3B1ED1BB7355E00620A00;
			remoteInfo = Quizz_Swift;
		};
/* End PBXContainerItemProxy section */

/* Begin PBXFileReference section */
		0BA3B1EE1BB7355E00620A00 /* Quizz_Swift.app */ = {isa = PBXFileReference; explicitFileType = wrapper.application; includeInIndex = 0; path = Quizz_Swift.app; sourceTree = BUILT_PRODUCTS_DIR; };
		0BA3B1F21BB7355E00620A00 /* Info.plist */ = {isa = PBXFileReference; lastKnownFileType = text.plist.xml; path = Info.plist; sourceTree = "<group>"; };
		0BA3B1F31BB7355E00620A00 /* AppDelegate.swift */ = {isa = PBXFileReference; lastKnownFileType = sourcecode.swift; path = AppDelegate.swift; sourceTree = "<group>"; };
		0BA3B1F51BB7355E00620A00 /* ViewController.swift */ = {isa = PBXFileReference; lastKnownFileType = sourcecode.swift; path = ViewController.swift; sourceTree = "<group>"; };
		0BA3B1F81BB7355E00620A00 /* Base */ = {isa = PBXFileReference; lastKnownFileType = file.storyboard; name = Base; path = Base.lproj/Main.storyboard; sourceTree = "<group>"; };
		0BA3B1FA1BB7355E00620A00 /* Images.xcassets */ = {isa = PBXFileReference; lastKnownFileType = folder.assetcatalog; path = Images.xcassets; sourceTree = "<group>"; };
		0BA3B1FD1BB7355E00620A00 /* Base */ = {isa = PBXFileReference; lastKnownFileType = file.xib; name = Base; path = Base.lproj/LaunchScreen.xib; sourceTree = "<group>"; };
		0BA3B2031BB7355E00620A00 /* Quizz_SwiftTests.xctest */ = {isa = PBXFileReference; explicitFileType = wrapper.cfbundle; includeInIndex = 0; path = Quizz_SwiftTests.xctest; sourceTree = BUILT_PRODUCTS_DIR; };
		0BA3B2081BB7355E00620A00 /* Info.plist */ = {isa = PBXFileReference; lastKnownFileType = text.plist.xml; path = Info.plist; sourceTree = "<group>"; };
		0BA3B2091BB7355E00620A00 /* Quizz_SwiftTests.swift */ = {isa = PBXFileReference; lastKnownFileType = sourcecode.swift; path = Quizz_SwiftTests.swift; sourceTree = "<group>"; };
		0BA3B2131BB7372700620A00 /* QuestionsReponses.swift */ = {isa = PBXFileReference; fileEncoding = 4; lastKnownFileType = sourcecode.swift; path = QuestionsReponses.swift; sourceTree = "<group>"; };
/* End PBXFileReference section */

/* Begin PBXFrameworksBuildPhase section */
		0BA3B1EB1BB7355E00620A00 /* Frameworks */ = {
			isa = PBXFrameworksBuildPhase;
			buildActionMask = 2147483647;
			files = (
			);
			runOnlyForDeploymentPostprocessing = 0;
		};
		0BA3B2001BB7355E00620A00 /* Frameworks */ = {
			isa = PBXFrameworksBuildPhase;
			buildActionMask = 2147483647;
			files = (
			);
			runOnlyForDeploymentPostprocessing = 0;
		};
/* End PBXFrameworksBuildPhase section */

/* Begin PBXGroup section */
		0BA3B1E51BB7355E00620A00 = {
			isa = PBXGroup;
			children = (
				0BA3B1F01BB7355E00620A00 /* Quizz_Swift */,
				0BA3B2061BB7355E00620A00 /* Quizz_SwiftTests */,
				0BA3B1EF1BB7355E00620A00 /* Products */,
			);
			sourceTree = "<group>";
		};
		0BA3B1EF1BB7355E00620A00 /* Products */ = {
			isa = PBXGroup;
			children = (
				0BA3B1EE1BB7355E00620A00 /* Quizz_Swift.app */,
				0BA3B2031BB7355E00620A00 /* Quizz_SwiftTests.xctest */,
			);
			name = Products;
			sourceTree = "<group>";
		};
		0BA3B1F01BB7355E00620A00 /* Quizz_Swift */ = {
			isa = PBXGroup;
			children = (
				0BA3B1F31BB7355E00620A00 /* AppDelegate.swift */,
				0BA3B1F51BB7355E00620A00 /* ViewController.swift */,
				0BA3B1F71BB7355E00620A00 /* Main.storyboard */,
				0BA3B1FA1BB7355E00620A00 /* Images.xcassets */,
				0BA3B1FC1BB7355E00620A00 /* LaunchScreen.xib */,
				0BA3B1F11BB7355E00620A00 /* Supporting Files */,
				0BA3B2131BB7372700620A00 /* QuestionsReponses.swift */,
			);
			path = Quizz_Swift;
			sourceTree = "<group>";
		};
		0BA3B1F11BB7355E00620A00 /* Supporting Files */ = {
			isa = PBXGroup;
			children = (
				0BA3B1F21BB7355E00620A00 /* Info.plist */,
			);
			name = "Supporting Files";
			sourceTree = "<group>";
		};
		0BA3B2061BB7355E00620A00 /* Quizz_SwiftTests */ = {
			isa = PBXGroup;
			children = (
				0BA3B2091BB7355E00620A00 /* Quizz_SwiftTests.swift */,
				0BA3B2071BB7355E00620A00 /* Supporting Files */,
			);
			path = Quizz_SwiftTests;
			sourceTree = "<group>";
		};
		0BA3B2071BB7355E00620A00 /* Supporting Files */ = {
			isa = PBXGroup;
			children = (
				0BA3B2081BB7355E00620A00 /* Info.plist */,
			);
			name = "Supporting Files";
			sourceTree = "<group>";
		};
/* End PBXGroup section */

/* Begin PBXNativeTarget section */
		0BA3B1ED1BB7355E00620A00 /* Quizz_Swift */ = {
			isa = PBXNativeTarget;
			buildConfigurationList = 0BA3B20D1BB7355E00620A00 /* Build configuration list for PBXNativeTarget "Quizz_Swift" */;
			buildPhases = (
				0BA3B1EA1BB7355E00620A00 /* Sources */,
				0BA3B1EB1BB7355E00620A00 /* Frameworks */,
				0BA3B1EC1BB7355E00620A00 /* Resources */,
			);
			buildRules = (
			);
			dependencies = (
			);
			name = Quizz_Swift;
			productName = Quizz_Swift;
			productReference = 0BA3B1EE1BB7355E00620A00 /* Quizz_Swift.app */;
			productType = "com.apple.product-type.application";
		};
		0BA3B2021BB7355E00620A00 /* Quizz_SwiftTests */ = {
			isa = PBXNativeTarget;
			buildConfigurationList = 0BA3B2101BB7355E00620A00 /* Build configuration list for PBXNativeTarget "Quizz_SwiftTests" */;
			buildPhases = (
				0BA3B1FF1BB7355E00620A00 /* Sources */,
				0BA3B2001BB7355E00620A00 /* Frameworks */,
				0BA3B2011BB7355E00620A00 /* Resources */,
			);
			buildRules = (
			);
			dependencies = (
				0BA3B2051BB7355E00620A00 /* PBXTargetDependency */,
			);
			name = Quizz_SwiftTests;
			productName = Quizz_SwiftTests;
			productReference = 0BA3B2031BB7355E00620A00 /* Quizz_SwiftTests.xctest */;
			productType = "com.apple.product-type.bundle.unit-test";
		};
/* End PBXNativeTarget section */

/* Begin PBXProject section */
		0BA3B1E61BB7355E00620A00 /* Project object */ = {
			isa = PBXProject;
			attributes = {
				LastSwiftUpdateCheck = 0700;
				LastUpgradeCheck = 0700;
				ORGANIZATIONNAME = "Cao Sang DOAN";
				TargetAttributes = {
					0BA3B1ED1BB7355E00620A00 = {
						CreatedOnToolsVersion = 6.4;
					};
					0BA3B2021BB7355E00620A00 = {
						CreatedOnToolsVersion = 6.4;
						TestTargetID = 0BA3B1ED1BB7355E00620A00;
					};
				};
			};
			buildConfigurationList = 0BA3B1E91BB7355E00620A00 /* Build configuration list for PBXProject "Quizz_Swift" */;
			compatibilityVersion = "Xcode 3.2";
			developmentRegion = English;
			hasScannedForEncodings = 0;
			knownRegions = (
				en,
				Base,
			);
			mainGroup = 0BA3B1E51BB7355E00620A00;
			productRefGroup = 0BA3B1EF1BB7355E00620A00 /* Products */;
			projectDirPath = "";
			projectRoot = "";
			targets = (
				0BA3B1ED1BB7355E00620A00 /* Quizz_Swift */,
				0BA3B2021BB7355E00620A00 /* Quizz_SwiftTests */,
			);
		};
/* End PBXProject section */

/* Begin PBXResourcesBuildPhase section */
		0BA3B1EC1BB7355E00620A00 /* Resources */ = {
			isa = PBXResourcesBuildPhase;
			buildActionMask = 2147483647;
			files = (
				0BA3B1F91BB7355E00620A00 /* Main.storyboard in Resources */,
				0BA3B1FE1BB7355E00620A00 /* LaunchScreen.xib in Resources */,
				0BA3B1FB1BB7355E00620A00 /* Images.xcassets in Resources */,
			);
			runOnlyForDeploymentPostprocessing = 0;
		};
		0BA3B2011BB7355E00620A00 /* Resources */ = {
			isa = PBXResourcesBuildPhase;
			buildActionMask = 2147483647;
			files = (
			);
			runOnlyForDeploymentPostprocessing = 0;
		};
/* End PBXResourcesBuildPhase section */

/* Begin PBXSourcesBuildPhase section */
		0BA3B1EA1BB7355E00620A00 /* Sources */ = {
			isa = PBXSourcesBuildPhase;
			buildActionMask = 2147483647;
			files = (
				0BA3B1F61BB7355E00620A00 /* ViewController.swift in Sources */,
				0BA3B2141BB7372700620A00 /* QuestionsReponses.swift in Sources */,
				0BA3B1F41BB7355E00620A00 /* AppDelegate.swift in Sources */,
			);
			runOnlyForDeploymentPostprocessing = 0;
		};
		0BA3B1FF1BB7355E00620A00 /* Sources */ = {
			isa = PBXSourcesBuildPhase;
			buildActionMask = 2147483647;
			files = (
				0BA3B20A1BB7355E00620A00 /* Quizz_SwiftTests.swift in Sources */,
			);
			runOnlyForDeploymentPostprocessing = 0;
		};
/* End PBXSourcesBuildPhase section */

/* Begin PBXTargetDependency section */
		0BA3B2051BB7355E00620A00 /* PBXTargetDependency */ = {
			isa = PBXTargetDependency;
			target = 0BA3B1ED1BB7355E00620A00 /* Quizz_Swift */;
			targetProxy = 0BA3B2041BB7355E00620A00 /* PBXContainerItemProxy */;
		};
/* End PBXTargetDependency section */

/* Begin PBXVariantGroup section */
		0BA3B1F71BB7355E00620A00 /* Main.storyboard */ = {
			isa = PBXVariantGroup;
			children = (
				0BA3B1F81BB7355E00620A00 /* Base */,
			);
			name = Main.storyboard;
			sourceTree = "<group>";
		};
		0BA3B1FC1BB7355E00620A00 /* LaunchScreen.xib */ = {
			isa = PBXVariantGroup;
			children = (
				0BA3B1FD1BB7355E00620A00 /* Base */,
			);
			name = LaunchScreen.xib;
			sourceTree = "<group>";
		};
/* End PBXVariantGroup section */

/* Begin XCBuildConfiguration section */
		0BA3B20B1BB7355E00620A00 /* Debug */ = {
			isa = XCBuildConfiguration;
			buildSettings = {
				ALWAYS_SEARCH_USER_PATHS = NO;
				CLANG_CXX_LANGUAGE_STANDARD = "gnu++0x";
				CLANG_CXX_LIBRARY = "libc++";
				CLANG_ENABLE_MODULES = YES;
				CLANG_ENABLE_OBJC_ARC = YES;
				CLANG_WARN_BOOL_CONVERSION = YES;
				CLANG_WARN_CONSTANT_CONVERSION = YES;
				CLANG_WARN_DIRECT_OBJC_ISA_USAGE = YES_ERROR;
				CLANG_WARN_EMPTY_BODY = YES;
				CLANG_WARN_ENUM_CONVERSION = YES;
				CLANG_WARN_INT_CONVERSION = YES;
				CLANG_WARN_OBJC_ROOT_CLASS = YES_ERROR;
				CLANG_WARN_UNREACHABLE_CODE = YES;
				CLANG_WARN__DUPLICATE_METHOD_MATCH = YES;
				"CODE_SIGN_IDENTITY[sdk=iphoneos*]" = "iPhone Developer";
				COPY_PHASE_STRIP = NO;
				DEBUG_INFORMATION_FORMAT = "dwarf-with-dsym";
				ENABLE_STRICT_OBJC_MSGSEND = YES;
				ENABLE_TESTABILITY = YES;
				GCC_C_LANGUAGE_STANDARD = gnu99;
				GCC_DYNAMIC_NO_PIC = NO;
				GCC_NO_COMMON_BLOCKS = YES;
				GCC_OPTIMIZATION_LEVEL = 0;
				GCC_PREPROCESSOR_DEFINITIONS = (
					"DEBUG=1",
					"$(inherited)",
				);
				GCC_SYMBOLS_PRIVATE_EXTERN = NO;
				GCC_WARN_64_TO_32_BIT_CONVERSION = YES;
				GCC_WARN_ABOUT_RETURN_TYPE = YES_ERROR;
				GCC_WARN_UNDECLARED_SELECTOR = YES;
				GCC_WARN_UNINITIALIZED_AUTOS = YES_AGGRESSIVE;
				GCC_WARN_UNUSED_FUNCTION = YES;
				GCC_WARN_UNUSED_VARIABLE = YES;
				IPHONEOS_DEPLOYMENT_TARGET = 8.4;
				MTL_ENABLE_DEBUG_INFO = YES;
				ONLY_ACTIVE_ARCH = YES;
				SDKROOT = iphoneos;
				SWIFT_OPTIMIZATION_LEVEL = "-Onone";
				TARGETED_DEVICE_FAMILY = "1,2";
			};
			name = Debug;
		};
		0BA3B20C1BB7355E00620A00 /* Release */ = {
			isa = XCBuildConfiguration;
			buildSettings = {
				ALWAYS_SEARCH_USER_PATHS = NO;
				CLANG_CXX_LANGUAGE_STANDARD = "gnu++0x";
				CLANG_CXX_LIBRARY = "libc++";
				CLANG_ENABLE_MODULES = YES;
				CLANG_ENABLE_OBJC_ARC = YES;
				CLANG_WARN_BOOL_CONVERSION = YES;
				CLANG_WARN_CONSTANT_CONVERSION = YES;
				CLANG_WARN_DIRECT_OBJC_ISA_USAGE = YES_ERROR;
				CLANG_WARN_EMPTY_BODY = YES;
				CLANG_WARN_ENUM_CONVERSION = YES;
				CLANG_WARN_INT_CONVERSION = YES;
				CLANG_WARN_OBJC_ROOT_CLASS = YES_ERROR;
				CLANG_WARN_UNREACHABLE_CODE = YES;
				CLANG_WARN__DUPLICATE_METHOD_MATCH = YES;
				"CODE_SIGN_IDENTITY[sdk=iphoneos*]" = "iPhone Developer";
				COPY_PHASE_STRIP = NO;
				DEBUG_INFORMATION_FORMAT = "dwarf-with-dsym";
				ENABLE_NS_ASSERTIONS = NO;
				ENABLE_STRICT_OBJC_MSGSEND = YES;
				GCC_C_LANGUAGE_STANDARD = gnu99;
				GCC_NO_COMMON_BLOCKS = YES;
				GCC_WARN_64_TO_32_BIT_CONVERSION = YES;
				GCC_WARN_ABOUT_RETURN_TYPE = YES_ERROR;
				GCC_WARN_UNDECLARED_SELECTOR = YES;
				GCC_WARN_UNINITIALIZED_AUTOS = YES_AGGRESSIVE;
				GCC_WARN_UNUSED_FUNCTION = YES;
				GCC_WARN_UNUSED_VARIABLE = YES;
				IPHONEOS_DEPLOYMENT_TARGET = 8.4;
				MTL_ENABLE_DEBUG_INFO = NO;
				SDKROOT = iphoneos;
				TARGETED_DEVICE_FAMILY = "1,2";
				VALIDATE_PRODUCT = YES;
			};
			name = Release;
		};
		0BA3B20E1BB7355E00620A00 /* Debug */ = {
			isa = XCBuildConfiguration;
			buildSettings = {
				ASSETCATALOG_COMPILER_APPICON_NAME = AppIcon;
				INFOPLIST_FILE = Quizz_Swift/Info.plist;
				LD_RUNPATH_SEARCH_PATHS = "$(inherited) @executable_path/Frameworks";
				PRODUCT_BUNDLE_IDENTIFIER = "fr.upmc.sar.$(PRODUCT_NAME:rfc1034identifier)";
				PRODUCT_NAME = "$(TARGET_NAME)";
			};
			name = Debug;
		};
		0BA3B20F1BB7355E00620A00 /* Release */ = {
			isa = XCBuildConfiguration;
			buildSettings = {
				ASSETCATALOG_COMPILER_APPICON_NAME = AppIcon;
				INFOPLIST_FILE = Quizz_Swift/Info.plist;
				LD_RUNPATH_SEARCH_PATHS = "$(inherited) @executable_path/Frameworks";
				PRODUCT_BUNDLE_IDENTIFIER = "fr.upmc.sar.$(PRODUCT_NAME:rfc1034identifier)";
				PRODUCT_NAME = "$(TARGET_NAME)";
			};
			name = Release;
		};
		0BA3B2111BB7355E00620A00 /* Debug */ = {
			isa = XCBuildConfiguration;
			buildSettings = {
				BUNDLE_LOADER = "$(TEST_HOST)";
				FRAMEWORK_SEARCH_PATHS = (
					"$(SDKROOT)/Developer/Library/Frameworks",
					"$(inherited)",
				);
				GCC_PREPROCESSOR_DEFINITIONS = (
					"DEBUG=1",
					"$(inherited)",
				);
				INFOPLIST_FILE = Quizz_SwiftTests/Info.plist;
				LD_RUNPATH_SEARCH_PATHS = "$(inherited) @executable_path/Frameworks @loader_path/Frameworks";
				PRODUCT_BUNDLE_IDENTIFIER = "fr.upmc.sar.$(PRODUCT_NAME:rfc1034identifier)";
				PRODUCT_NAME = "$(TARGET_NAME)";
				TEST_HOST = "$(BUILT_PRODUCTS_DIR)/Quizz_Swift.app/Quizz_Swift";
			};
			name = Debug;
		};
		0BA3B2121BB7355E00620A00 /* Release */ = {
			isa = XCBuildConfiguration;
			buildSettings = {
				BUNDLE_LOADER = "$(TEST_HOST)";
				FRAMEWORK_SEARCH_PATHS = (
					"$(SDKROOT)/Developer/Library/Frameworks",
					"$(inherited)",
				);
				INFOPLIST_FILE = Quizz_SwiftTests/Info.plist;
				LD_RUNPATH_SEARCH_PATHS = "$(inherited) @executable_path/Frameworks @loader_path/Frameworks";
				PRODUCT_BUNDLE_IDENTIFIER = "fr.upmc.sar.$(PRODUCT_NAME:rfc1034identifier)";
				PRODUCT_NAME = "$(TARGET_NAME)";
				TEST_HOST = "$(BUILT_PRODUCTS_DIR)/Quizz_Swift.app/Quizz_Swift";
			};
			name = Release;
		};
/* End XCBuildConfiguration section */

/* Begin XCConfigurationList section */
		0BA3B1E91BB7355E00620A00 /* Build configuration list for PBXProject "Quizz_Swift" */ = {
			isa = XCConfigurationList;
			buildConfigurations = (
				0BA3B20B1BB7355E00620A00 /* Debug */,
				0BA3B20C1BB7355E00620A00 /* Release */,
			);
			defaultConfigurationIsVisible = 0;
			defaultConfigurationName = Release;
		};
		0BA3B20D1BB7355E00620A00 /* Build configuration list for PBXNativeTarget "Quizz_Swift" */ = {
			isa = XCConfigurationList;
			buildConfigurations = (
				0BA3B20E1BB7355E00620A00 /* Debug */,
				0BA3B20F1BB7355E00620A00 /* Release */,
			);
			defaultConfigurationIsVisible = 0;
			defaultConfigurationName = Release;
		};
		0BA3B2101BB7355E00620A00 /* Build configuration list for PBXNativeTarget "Quizz_SwiftTests" */ = {
			isa = XCConfigurationList;
			buildConfigurations = (
				0BA3B2111BB7355E00620A00 /* Debug */,
				0BA3B2121BB7355E00620A00 /* Release */,
			);
			defaultConfigurationIsVisible = 0;
			defaultConfigurationName = Release;
		};
/* End XCConfigurationList section */
	};
	rootObject = 0BA3B1E61BB7355E00620A00 /* Project object */;
}
